<?xml version="1.0" encoding="UTF-8"?>
<!DOCTYPE plist PUBLIC "-//Apple//DTD PLIST 1.0//EN" "http://www.apple.com/DTDs/PropertyList-1.0.dtd">
<plist version="1.0">
<dict>
	<key>BuildNumber</key>
	<string>420000048</string>
	<key>BundleIdentifier</key>
	<string>com.barebones.bbedit</string>
	<key>HostIdentifier</key>
	<string>786540E8-56F0-5457-9352-70E2D4EF50E7</string>
	<key>HostName</key>
	<string>Paul’s Mac mini</string>
	<key>LockDate</key>
	<date>2024-09-05T01:30:34Z</date>
	<key>LockID</key>
	<string>73BC0FB0-106F-4C4E-9E81-050439600180</string>
	<key>MarketingVersion</key>
	<string>15.1.2</string>
	<key>NetworkVolume</key>
	<false/>
	<key>ProcessIdentifier</key>
	<integer>1976</integer>
	<key>UserName</key>
	<string>paul</string>
	<key>Version</key>
	<integer>3</integer>
	<key>VolumeIdentifier</key>
	<string>2E91F751-92E8-46A5-8F8F-CEED2030F179</string>
</dict>
</plist>
